// !$*UTF8*$!
{
	archiveVersion = 1;
	classes = {
	};
	objectVersion = 46;
	objects = {

/* Begin PBXBuildFile section */
		203B734E1DF87F4D0000E0C5 /* AppDelegate.swift in Sources */ = {isa = PBXBuildFile; fileRef = 203B734D1DF87F4D0000E0C5 /* AppDelegate.swift */; };
		203B73501DF87F4D0000E0C5 /* ViewController.swift in Sources */ = {isa = PBXBuildFile; fileRef = 203B734F1DF87F4D0000E0C5 /* ViewController.swift */; };
		203B73531DF87F4D0000E0C5 /* Main.storyboard in Resources */ = {isa = PBXBuildFile; fileRef = 203B73511DF87F4D0000E0C5 /* Main.storyboard */; };
		203B73561DF87F4D0000E0C5 /* NSTimerTutorial.xcdatamodeld in Sources */ = {isa = PBXBuildFile; fileRef = 203B73541DF87F4D0000E0C5 /* NSTimerTutorial.xcdatamodeld */; };
		203B73581DF87F4D0000E0C5 /* Assets.xcassets in Resources */ = {isa = PBXBuildFile; fileRef = 203B73571DF87F4D0000E0C5 /* Assets.xcassets */; };
		203B735B1DF87F4D0000E0C5 /* LaunchScreen.storyboard in Resources */ = {isa = PBXBuildFile; fileRef = 203B73591DF87F4D0000E0C5 /* LaunchScreen.storyboard */; };
		203B73661DF87F4D0000E0C5 /* NSTimerTutorialTests.swift in Sources */ = {isa = PBXBuildFile; fileRef = 203B73651DF87F4D0000E0C5 /* NSTimerTutorialTests.swift */; };
		203B73711DF87F4D0000E0C5 /* NSTimerTutorialUITests.swift in Sources */ = {isa = PBXBuildFile; fileRef = 203B73701DF87F4D0000E0C5 /* NSTimerTutorialUITests.swift */; };
/* End PBXBuildFile section */

/* Begin PBXContainerItemProxy section */
		203B73621DF87F4D0000E0C5 /* PBXContainerItemProxy */ = {
			isa = PBXContainerItemProxy;
			containerPortal = 203B73421DF87F4D0000E0C5 /* Project object */;
			proxyType = 1;
			remoteGlobalIDString = 203B73491DF87F4D0000E0C5;
			remoteInfo = NSTimerTutorial;
		};
		203B736D1DF87F4D0000E0C5 /* PBXContainerItemProxy */ = {
			isa = PBXContainerItemProxy;
			containerPortal = 203B73421DF87F4D0000E0C5 /* Project object */;
			proxyType = 1;
			remoteGlobalIDString = 203B73491DF87F4D0000E0C5;
			remoteInfo = NSTimerTutorial;
		};
/* End PBXContainerItemProxy section */

/* Begin PBXFileReference section */
		203B734A1DF87F4D0000E0C5 /* NSTimerTutorial.app */ = {isa = PBXFileReference; explicitFileType = wrapper.application; includeInIndex = 0; path = NSTimerTutorial.app; sourceTree = BUILT_PRODUCTS_DIR; };
		203B734D1DF87F4D0000E0C5 /* AppDelegate.swift */ = {isa = PBXFileReference; lastKnownFileType = sourcecode.swift; path = AppDelegate.swift; sourceTree = "<group>"; };
		203B734F1DF87F4D0000E0C5 /* ViewController.swift */ = {isa = PBXFileReference; lastKnownFileType = sourcecode.swift; path = ViewController.swift; sourceTree = "<group>"; };
		203B73521DF87F4D0000E0C5 /* Base */ = {isa = PBXFileReference; lastKnownFileType = file.storyboard; name = Base; path = Base.lproj/Main.storyboard; sourceTree = "<group>"; };
		203B73551DF87F4D0000E0C5 /* NSTimerTutorial.xcdatamodel */ = {isa = PBXFileReference; lastKnownFileType = wrapper.xcdatamodel; path = NSTimerTutorial.xcdatamodel; sourceTree = "<group>"; };
		203B73571DF87F4D0000E0C5 /* Assets.xcassets */ = {isa = PBXFileReference; lastKnownFileType = folder.assetcatalog; path = Assets.xcassets; sourceTree = "<group>"; };
		203B735A1DF87F4D0000E0C5 /* Base */ = {isa = PBXFileReference; lastKnownFileType = file.storyboard; name = Base; path = Base.lproj/LaunchScreen.storyboard; sourceTree = "<group>"; };
		203B735C1DF87F4D0000E0C5 /* Info.plist */ = {isa = PBXFileReference; lastKnownFileType = text.plist.xml; path = Info.plist; sourceTree = "<group>"; };
		203B73611DF87F4D0000E0C5 /* NSTimerTutorialTests.xctest */ = {isa = PBXFileReference; explicitFileType = wrapper.cfbundle; includeInIndex = 0; path = NSTimerTutorialTests.xctest; sourceTree = BUILT_PRODUCTS_DIR; };
		203B73651DF87F4D0000E0C5 /* NSTimerTutorialTests.swift */ = {isa = PBXFileReference; lastKnownFileType = sourcecode.swift; path = NSTimerTutorialTests.swift; sourceTree = "<group>"; };
		203B73671DF87F4D0000E0C5 /* Info.plist */ = {isa = PBXFileReference; lastKnownFileType = text.plist.xml; path = Info.plist; sourceTree = "<group>"; };
		203B736C1DF87F4D0000E0C5 /* NSTimerTutorialUITests.xctest */ = {isa = PBXFileReference; explicitFileType = wrapper.cfbundle; includeInIndex = 0; path = NSTimerTutorialUITests.xctest; sourceTree = BUILT_PRODUCTS_DIR; };
		203B73701DF87F4D0000E0C5 /* NSTimerTutorialUITests.swift */ = {isa = PBXFileReference; lastKnownFileType = sourcecode.swift; path = NSTimerTutorialUITests.swift; sourceTree = "<group>"; };
		203B73721DF87F4D0000E0C5 /* Info.plist */ = {isa = PBXFileReference; lastKnownFileType = text.plist.xml; path = Info.plist; sourceTree = "<group>"; };
/* End PBXFileReference section */

/* Begin PBXFrameworksBuildPhase section */
		203B73471DF87F4D0000E0C5 /* Frameworks */ = {
			isa = PBXFrameworksBuildPhase;
			buildActionMask = 2147483647;
			files = (
			);
			runOnlyForDeploymentPostprocessing = 0;
		};
		203B735E1DF87F4D0000E0C5 /* Frameworks */ = {
			isa = PBXFrameworksBuildPhase;
			buildActionMask = 2147483647;
			files = (
			);
			runOnlyForDeploymentPostprocessing = 0;
		};
		203B73691DF87F4D0000E0C5 /* Frameworks */ = {
			isa = PBXFrameworksBuildPhase;
			buildActionMask = 2147483647;
			files = (
			);
			runOnlyForDeploymentPostprocessing = 0;
		};
/* End PBXFrameworksBuildPhase section */

/* Begin PBXGroup section */
		203B73411DF87F4D0000E0C5 = {
			isa = PBXGroup;
			children = (
				203B734C1DF87F4D0000E0C5 /* NSTimerTutorial */,
				203B73641DF87F4D0000E0C5 /* NSTimerTutorialTests */,
				203B736F1DF87F4D0000E0C5 /* NSTimerTutorialUITests */,
				203B734B1DF87F4D0000E0C5 /* Products */,
			);
			sourceTree = "<group>";
		};
		203B734B1DF87F4D0000E0C5 /* Products */ = {
			isa = PBXGroup;
			children = (
				203B734A1DF87F4D0000E0C5 /* NSTimerTutorial.app */,
				203B73611DF87F4D0000E0C5 /* NSTimerTutorialTests.xctest */,
				203B736C1DF87F4D0000E0C5 /* NSTimerTutorialUITests.xctest */,
			);
			name = Products;
			sourceTree = "<group>";
		};
		203B734C1DF87F4D0000E0C5 /* NSTimerTutorial */ = {
			isa = PBXGroup;
			children = (
				203B734D1DF87F4D0000E0C5 /* AppDelegate.swift */,
				203B734F1DF87F4D0000E0C5 /* ViewController.swift */,
				203B73511DF87F4D0000E0C5 /* Main.storyboard */,
				203B73571DF87F4D0000E0C5 /* Assets.xcassets */,
				203B73591DF87F4D0000E0C5 /* LaunchScreen.storyboard */,
				203B735C1DF87F4D0000E0C5 /* Info.plist */,
				203B73541DF87F4D0000E0C5 /* NSTimerTutorial.xcdatamodeld */,
			);
			path = NSTimerTutorial;
			sourceTree = "<group>";
		};
		203B73641DF87F4D0000E0C5 /* NSTimerTutorialTests */ = {
			isa = PBXGroup;
			children = (
				203B73651DF87F4D0000E0C5 /* NSTimerTutorialTests.swift */,
				203B73671DF87F4D0000E0C5 /* Info.plist */,
			);
			path = NSTimerTutorialTests;
			sourceTree = "<group>";
		};
		203B736F1DF87F4D0000E0C5 /* NSTimerTutorialUITests */ = {
			isa = PBXGroup;
			children = (
				203B73701DF87F4D0000E0C5 /* NSTimerTutorialUITests.swift */,
				203B73721DF87F4D0000E0C5 /* Info.plist */,
			);
			path = NSTimerTutorialUITests;
			sourceTree = "<group>";
		};
/* End PBXGroup section */

/* Begin PBXNativeTarget section */
		203B73491DF87F4D0000E0C5 /* NSTimerTutorial */ = {
			isa = PBXNativeTarget;
			buildConfigurationList = 203B73751DF87F4D0000E0C5 /* Build configuration list for PBXNativeTarget "NSTimerTutorial" */;
			buildPhases = (
				203B73461DF87F4D0000E0C5 /* Sources */,
				203B73471DF87F4D0000E0C5 /* Frameworks */,
				203B73481DF87F4D0000E0C5 /* Resources */,
			);
			buildRules = (
			);
			dependencies = (
			);
			name = NSTimerTutorial;
			productName = NSTimerTutorial;
			productReference = 203B734A1DF87F4D0000E0C5 /* NSTimerTutorial.app */;
			productType = "com.apple.product-type.application";
		};
		203B73601DF87F4D0000E0C5 /* NSTimerTutorialTests */ = {
			isa = PBXNativeTarget;
			buildConfigurationList = 203B73781DF87F4D0000E0C5 /* Build configuration list for PBXNativeTarget "NSTimerTutorialTests" */;
			buildPhases = (
				203B735D1DF87F4D0000E0C5 /* Sources */,
				203B735E1DF87F4D0000E0C5 /* Frameworks */,
				203B735F1DF87F4D0000E0C5 /* Resources */,
			);
			buildRules = (
			);
			dependencies = (
				203B73631DF87F4D0000E0C5 /* PBXTargetDependency */,
			);
			name = NSTimerTutorialTests;
			productName = NSTimerTutorialTests;
			productReference = 203B73611DF87F4D0000E0C5 /* NSTimerTutorialTests.xctest */;
			productType = "com.apple.product-type.bundle.unit-test";
		};
		203B736B1DF87F4D0000E0C5 /* NSTimerTutorialUITests */ = {
			isa = PBXNativeTarget;
			buildConfigurationList = 203B737B1DF87F4D0000E0C5 /* Build configuration list for PBXNativeTarget "NSTimerTutorialUITests" */;
			buildPhases = (
				203B73681DF87F4D0000E0C5 /* Sources */,
				203B73691DF87F4D0000E0C5 /* Frameworks */,
				203B736A1DF87F4D0000E0C5 /* Resources */,
			);
			buildRules = (
			);
			dependencies = (
				203B736E1DF87F4D0000E0C5 /* PBXTargetDependency */,
			);
			name = NSTimerTutorialUITests;
			productName = NSTimerTutorialUITests;
			productReference = 203B736C1DF87F4D0000E0C5 /* NSTimerTutorialUITests.xctest */;
			productType = "com.apple.product-type.bundle.ui-testing";
		};
/* End PBXNativeTarget section */

/* Begin PBXProject section */
		203B73421DF87F4D0000E0C5 /* Project object */ = {
			isa = PBXProject;
			attributes = {
				LastSwiftUpdateCheck = 0810;
				LastUpgradeCheck = 0810;
				ORGANIZATIONNAME = "Stu Almeleh";
				TargetAttributes = {
					203B73491DF87F4D0000E0C5 = {
						CreatedOnToolsVersion = 8.1;
						ProvisioningStyle = Automatic;
					};
					203B73601DF87F4D0000E0C5 = {
						CreatedOnToolsVersion = 8.1;
						ProvisioningStyle = Automatic;
						TestTargetID = 203B73491DF87F4D0000E0C5;
					};
					203B736B1DF87F4D0000E0C5 = {
						CreatedOnToolsVersion = 8.1;
						ProvisioningStyle = Automatic;
						TestTargetID = 203B73491DF87F4D0000E0C5;
					};
				};
			};
			buildConfigurationList = 203B73451DF87F4D0000E0C5 /* Build configuration list for PBXProject "NSTimerTutorial" */;
			compatibilityVersion = "Xcode 3.2";
			developmentRegion = English;
			hasScannedForEncodings = 0;
			knownRegions = (
				en,
				Base,
			);
			mainGroup = 203B73411DF87F4D0000E0C5;
			productRefGroup = 203B734B1DF87F4D0000E0C5 /* Products */;
			projectDirPath = "";
			projectRoot = "";
			targets = (
				203B73491DF87F4D0000E0C5 /* NSTimerTutorial */,
				203B73601DF87F4D0000E0C5 /* NSTimerTutorialTests */,
				203B736B1DF87F4D0000E0C5 /* NSTimerTutorialUITests */,
			);
		};
/* End PBXProject section */

/* Begin PBXResourcesBuildPhase section */
		203B73481DF87F4D0000E0C5 /* Resources */ = {
			isa = PBXResourcesBuildPhase;
			buildActionMask = 2147483647;
			files = (
				203B735B1DF87F4D0000E0C5 /* LaunchScreen.storyboard in Resources */,
				203B73581DF87F4D0000E0C5 /* Assets.xcassets in Resources */,
				203B73531DF87F4D0000E0C5 /* Main.storyboard in Resources */,
			);
			runOnlyForDeploymentPostprocessing = 0;
		};
		203B735F1DF87F4D0000E0C5 /* Resources */ = {
			isa = PBXResourcesBuildPhase;
			buildActionMask = 2147483647;
			files = (
			);
			runOnlyForDeploymentPostprocessing = 0;
		};
		203B736A1DF87F4D0000E0C5 /* Resources */ = {
			isa = PBXResourcesBuildPhase;
			buildActionMask = 2147483647;
			files = (
			);
			runOnlyForDeploymentPostprocessing = 0;
		};
/* End PBXResourcesBuildPhase section */

/* Begin PBXSourcesBuildPhase section */
		203B73461DF87F4D0000E0C5 /* Sources */ = {
			isa = PBXSourcesBuildPhase;
			buildActionMask = 2147483647;
			files = (
				203B73501DF87F4D0000E0C5 /* ViewController.swift in Sources */,
				203B73561DF87F4D0000E0C5 /* NSTimerTutorial.xcdatamodeld in Sources */,
				203B734E1DF87F4D0000E0C5 /* AppDelegate.swift in Sources */,
			);
			runOnlyForDeploymentPostprocessing = 0;
		};
		203B735D1DF87F4D0000E0C5 /* Sources */ = {
			isa = PBXSourcesBuildPhase;
			buildActionMask = 2147483647;
			files = (
				203B73661DF87F4D0000E0C5 /* NSTimerTutorialTests.swift in Sources */,
			);
			runOnlyForDeploymentPostprocessing = 0;
		};
		203B73681DF87F4D0000E0C5 /* Sources */ = {
			isa = PBXSourcesBuildPhase;
			buildActionMask = 2147483647;
			files = (
				203B73711DF87F4D0000E0C5 /* NSTimerTutorialUITests.swift in Sources */,
			);
			runOnlyForDeploymentPostprocessing = 0;
		};
/* End PBXSourcesBuildPhase section */

/* Begin PBXTargetDependency section */
		203B73631DF87F4D0000E0C5 /* PBXTargetDependency */ = {
			isa = PBXTargetDependency;
			target = 203B73491DF87F4D0000E0C5 /* NSTimerTutorial */;
			targetProxy = 203B73621DF87F4D0000E0C5 /* PBXContainerItemProxy */;
		};
		203B736E1DF87F4D0000E0C5 /* PBXTargetDependency */ = {
			isa = PBXTargetDependency;
			target = 203B73491DF87F4D0000E0C5 /* NSTimerTutorial */;
			targetProxy = 203B736D1DF87F4D0000E0C5 /* PBXContainerItemProxy */;
		};
/* End PBXTargetDependency section */

/* Begin PBXVariantGroup section */
		203B73511DF87F4D0000E0C5 /* Main.storyboard */ = {
			isa = PBXVariantGroup;
			children = (
				203B73521DF87F4D0000E0C5 /* Base */,
			);
			name = Main.storyboard;
			sourceTree = "<group>";
		};
		203B73591DF87F4D0000E0C5 /* LaunchScreen.storyboard */ = {
			isa = PBXVariantGroup;
			children = (
				203B735A1DF87F4D0000E0C5 /* Base */,
			);
			name = LaunchScreen.storyboard;
			sourceTree = "<group>";
		};
/* End PBXVariantGroup section */

/* Begin XCBuildConfiguration section */
		203B73731DF87F4D0000E0C5 /* Debug */ = {
			isa = XCBuildConfiguration;
			buildSettings = {
				ALWAYS_SEARCH_USER_PATHS = NO;
				CLANG_ANALYZER_NONNULL = YES;
				CLANG_CXX_LANGUAGE_STANDARD = "gnu++0x";
				CLANG_CXX_LIBRARY = "libc++";
				CLANG_ENABLE_MODULES = YES;
				CLANG_ENABLE_OBJC_ARC = YES;
				CLANG_WARN_BOOL_CONVERSION = YES;
				CLANG_WARN_CONSTANT_CONVERSION = YES;
				CLANG_WARN_DIRECT_OBJC_ISA_USAGE = YES_ERROR;
				CLANG_WARN_DOCUMENTATION_COMMENTS = YES;
				CLANG_WARN_EMPTY_BODY = YES;
				CLANG_WARN_ENUM_CONVERSION = YES;
				CLANG_WARN_INFINITE_RECURSION = YES;
				CLANG_WARN_INT_CONVERSION = YES;
				CLANG_WARN_OBJC_ROOT_CLASS = YES_ERROR;
				CLANG_WARN_SUSPICIOUS_MOVES = YES;
				CLANG_WARN_UNREACHABLE_CODE = YES;
				CLANG_WARN__DUPLICATE_METHOD_MATCH = YES;
				"CODE_SIGN_IDENTITY[sdk=iphoneos*]" = "iPhone Developer";
				COPY_PHASE_STRIP = NO;
				DEBUG_INFORMATION_FORMAT = dwarf;
				ENABLE_STRICT_OBJC_MSGSEND = YES;
				ENABLE_TESTABILITY = YES;
				GCC_C_LANGUAGE_STANDARD = gnu99;
				GCC_DYNAMIC_NO_PIC = NO;
				GCC_NO_COMMON_BLOCKS = YES;
				GCC_OPTIMIZATION_LEVEL = 0;
				GCC_PREPROCESSOR_DEFINITIONS = (
					"DEBUG=1",
					"$(inherited)",
				);
				GCC_WARN_64_TO_32_BIT_CONVERSION = YES;
				GCC_WARN_ABOUT_RETURN_TYPE = YES_ERROR;
				GCC_WARN_UNDECLARED_SELECTOR = YES;
				GCC_WARN_UNINITIALIZED_AUTOS = YES_AGGRESSIVE;
				GCC_WARN_UNUSED_FUNCTION = YES;
				GCC_WARN_UNUSED_VARIABLE = YES;
				IPHONEOS_DEPLOYMENT_TARGET = 10.1;
				MTL_ENABLE_DEBUG_INFO = YES;
				ONLY_ACTIVE_ARCH = YES;
				SDKROOT = iphoneos;
				SWIFT_ACTIVE_COMPILATION_CONDITIONS = DEBUG;
				SWIFT_OPTIMIZATION_LEVEL = "-Onone";
				TARGETED_DEVICE_FAMILY = "1,2";
			};
			name = Debug;
		};
		203B73741DF87F4D0000E0C5 /* Release */ = {
			isa = XCBuildConfiguration;
			buildSettings = {
				ALWAYS_SEARCH_USER_PATHS = NO;
				CLANG_ANALYZER_NONNULL = YES;
				CLANG_CXX_LANGUAGE_STANDARD = "gnu++0x";
				CLANG_CXX_LIBRARY = "libc++";
				CLANG_ENABLE_MODULES = YES;
				CLANG_ENABLE_OBJC_ARC = YES;
				CLANG_WARN_BOOL_CONVERSION = YES;
				CLANG_WARN_CONSTANT_CONVERSION = YES;
				CLANG_WARN_DIRECT_OBJC_ISA_USAGE = YES_ERROR;
				CLANG_WARN_DOCUMENTATION_COMMENTS = YES;
				CLANG_WARN_EMPTY_BODY = YES;
				CLANG_WARN_ENUM_CONVERSION = YES;
				CLANG_WARN_INFINITE_RECURSION = YES;
				CLANG_WARN_INT_CONVERSION = YES;
				CLANG_WARN_OBJC_ROOT_CLASS = YES_ERROR;
				CLANG_WARN_SUSPICIOUS_MOVES = YES;
				CLANG_WARN_UNREACHABLE_CODE = YES;
				CLANG_WARN__DUPLICATE_METHOD_MATCH = YES;
				"CODE_SIGN_IDENTITY[sdk=iphoneos*]" = "iPhone Developer";
				COPY_PHASE_STRIP = NO;
				DEBUG_INFORMATION_FORMAT = "dwarf-with-dsym";
				ENABLE_NS_ASSERTIONS = NO;
				ENABLE_STRICT_OBJC_MSGSEND = YES;
				GCC_C_LANGUAGE_STANDARD = gnu99;
				GCC_NO_COMMON_BLOCKS = YES;
				GCC_WARN_64_TO_32_BIT_CONVERSION = YES;
				GCC_WARN_ABOUT_RETURN_TYPE = YES_ERROR;
				GCC_WARN_UNDECLARED_SELECTOR = YES;
				GCC_WARN_UNINITIALIZED_AUTOS = YES_AGGRESSIVE;
				GCC_WARN_UNUSED_FUNCTION = YES;
				GCC_WARN_UNUSED_VARIABLE = YES;
				IPHONEOS_DEPLOYMENT_TARGET = 10.1;
				MTL_ENABLE_DEBUG_INFO = NO;
				SDKROOT = iphoneos;
				SWIFT_OPTIMIZATION_LEVEL = "-Owholemodule";
				TARGETED_DEVICE_FAMILY = "1,2";
				VALIDATE_PRODUCT = YES;
			};
			name = Release;
		};
		203B73761DF87F4D0000E0C5 /* Debug */ = {
			isa = XCBuildConfiguration;
			buildSettings = {
				ASSETCATALOG_COMPILER_APPICON_NAME = AppIcon;
				INFOPLIST_FILE = NSTimerTutorial/Info.plist;
				LD_RUNPATH_SEARCH_PATHS = "$(inherited) @executable_path/Frameworks";
				PRODUCT_BUNDLE_IDENTIFIER = salmeleh.NSTimerTutorial;
				PRODUCT_NAME = "$(TARGET_NAME)";
				SWIFT_VERSION = 3.0;
			};
			name = Debug;
		};
		203B73771DF87F4D0000E0C5 /* Release */ = {
			isa = XCBuildConfiguration;
			buildSettings = {
				ASSETCATALOG_COMPILER_APPICON_NAME = AppIcon;
				INFOPLIST_FILE = NSTimerTutorial/Info.plist;
				LD_RUNPATH_SEARCH_PATHS = "$(inherited) @executable_path/Frameworks";
				PRODUCT_BUNDLE_IDENTIFIER = salmeleh.NSTimerTutorial;
				PRODUCT_NAME = "$(TARGET_NAME)";
				SWIFT_VERSION = 3.0;
			};
			name = Release;
		};
		203B73791DF87F4D0000E0C5 /* Debug */ = {
			isa = XCBuildConfiguration;
			buildSettings = {
				ALWAYS_EMBED_SWIFT_STANDARD_LIBRARIES = YES;
				BUNDLE_LOADER = "$(TEST_HOST)";
				INFOPLIST_FILE = NSTimerTutorialTests/Info.plist;
				LD_RUNPATH_SEARCH_PATHS = "$(inherited) @executable_path/Frameworks @loader_path/Frameworks";
				PRODUCT_BUNDLE_IDENTIFIER = salmeleh.NSTimerTutorialTests;
				PRODUCT_NAME = "$(TARGET_NAME)";
				SWIFT_VERSION = 3.0;
				TEST_HOST = "$(BUILT_PRODUCTS_DIR)/NSTimerTutorial.app/NSTimerTutorial";
			};
			name = Debug;
		};
		203B737A1DF87F4D0000E0C5 /* Release */ = {
			isa = XCBuildConfiguration;
			buildSettings = {
				ALWAYS_EMBED_SWIFT_STANDARD_LIBRARIES = YES;
				BUNDLE_LOADER = "$(TEST_HOST)";
				INFOPLIST_FILE = NSTimerTutorialTests/Info.plist;
				LD_RUNPATH_SEARCH_PATHS = "$(inherited) @executable_path/Frameworks @loader_path/Frameworks";
				PRODUCT_BUNDLE_IDENTIFIER = salmeleh.NSTimerTutorialTests;
				PRODUCT_NAME = "$(TARGET_NAME)";
				SWIFT_VERSION = 3.0;
				TEST_HOST = "$(BUILT_PRODUCTS_DIR)/NSTimerTutorial.app/NSTimerTutorial";
			};
			name = Release;
		};
		203B737C1DF87F4D0000E0C5 /* Debug */ = {
			isa = XCBuildConfiguration;
			buildSettings = {
				ALWAYS_EMBED_SWIFT_STANDARD_LIBRARIES = YES;
				INFOPLIST_FILE = NSTimerTutorialUITests/Info.plist;
				LD_RUNPATH_SEARCH_PATHS = "$(inherited) @executable_path/Frameworks @loader_path/Frameworks";
				PRODUCT_BUNDLE_IDENTIFIER = salmeleh.NSTimerTutorialUITests;
				PRODUCT_NAME = "$(TARGET_NAME)";
				SWIFT_VERSION = 3.0;
				TEST_TARGET_NAME = NSTimerTutorial;
			};
			name = Debug;
		};
		203B737D1DF87F4D0000E0C5 /* Release */ = {
			isa = XCBuildConfiguration;
			buildSettings = {
				ALWAYS_EMBED_SWIFT_STANDARD_LIBRARIES = YES;
				INFOPLIST_FILE = NSTimerTutorialUITests/Info.plist;
				LD_RUNPATH_SEARCH_PATHS = "$(inherited) @executable_path/Frameworks @loader_path/Frameworks";
				PRODUCT_BUNDLE_IDENTIFIER = salmeleh.NSTimerTutorialUITests;
				PRODUCT_NAME = "$(TARGET_NAME)";
				SWIFT_VERSION = 3.0;
				TEST_TARGET_NAME = NSTimerTutorial;
			};
			name = Release;
		};
/* End XCBuildConfiguration section */

/* Begin XCConfigurationList section */
		203B73451DF87F4D0000E0C5 /* Build configuration list for PBXProject "NSTimerTutorial" */ = {
			isa = XCConfigurationList;
			buildConfigurations = (
				203B73731DF87F4D0000E0C5 /* Debug */,
				203B73741DF87F4D0000E0C5 /* Release */,
			);
			defaultConfigurationIsVisible = 0;
			defaultConfigurationName = Release;
		};
		203B73751DF87F4D0000E0C5 /* Build configuration list for PBXNativeTarget "NSTimerTutorial" */ = {
			isa = XCConfigurationList;
			buildConfigurations = (
				203B73761DF87F4D0000E0C5 /* Debug */,
				203B73771DF87F4D0000E0C5 /* Release */,
			);
			defaultConfigurationIsVisible = 0;
		};
		203B73781DF87F4D0000E0C5 /* Build configuration list for PBXNativeTarget "NSTimerTutorialTests" */ = {
			isa = XCConfigurationList;
			buildConfigurations = (
				203B73791DF87F4D0000E0C5 /* Debug */,
				203B737A1DF87F4D0000E0C5 /* Release */,
			);
			defaultConfigurationIsVisible = 0;
		};
		203B737B1DF87F4D0000E0C5 /* Build configuration list for PBXNativeTarget "NSTimerTutorialUITests" */ = {
			isa = XCConfigurationList;
			buildConfigurations = (
				203B737C1DF87F4D0000E0C5 /* Debug */,
				203B737D1DF87F4D0000E0C5 /* Release */,
			);
			defaultConfigurationIsVisible = 0;
		};
/* End XCConfigurationList section */

/* Begin XCVersionGroup section */
		203B73541DF87F4D0000E0C5 /* NSTimerTutorial.xcdatamodeld */ = {
			isa = XCVersionGroup;
			children = (
				203B73551DF87F4D0000E0C5 /* NSTimerTutorial.xcdatamodel */,
			);
			currentVersion = 203B73551DF87F4D0000E0C5 /* NSTimerTutorial.xcdatamodel */;
			path = NSTimerTutorial.xcdatamodeld;
			sourceTree = "<group>";
			versionGroupType = wrapper.xcdatamodel;
		};
/* End XCVersionGroup section */
	};
	rootObject = 203B73421DF87F4D0000E0C5 /* Project object */;
}
